<Solution>
  <Folder Name="/examples/" />
  <Folder Name="/examples/efcore-migrations/" />
  <Folder Name="/examples/efcore-migrations/src/">
    <Project Path="examples/efcore-migrations/src/YourCompany.ConsoleProgram/YourCompany.ConsoleProgram.csproj" />
    <Project Path="examples/efcore-migrations/src/YourCompany.EFCore/YourCompany.EFCore.csproj" />
    <Project Path="examples/efcore-migrations/src/YourCompany.EFCore.PostgreSQL.CustomConfigurationMigrations/YourCompany.EFCore.PostgreSQL.CustomConfigurationMigrations.csproj" />
    <Project Path="examples/efcore-migrations/src/YourCompany.EFCore.PostgreSQL.YourCompanyDbContextConfigurationMigrations/YourCompany.EFCore.PostgreSQL.YourCompanyDbContextConfigurationMigrations.csproj" />
    <Project Path="examples/efcore-migrations/src/YourCompany.EFCore.Sqlite.CustomConfigurationMigrations/YourCompany.EFCore.Sqlite.CustomConfigurationMigrations.csproj" />
    <Project Path="examples/efcore-migrations/src/YourCompany.EFCore.Sqlite.YourCompanyDbContextConfigurationMigrations/YourCompany.EFCore.Sqlite.YourCompanyDbContextConfigurationMigrations.csproj" />
  </Folder>
  <Folder Name="/src/">
    <Project Path="src/YourCompany.CompilerServices/YourCompany.CompilerServices.csproj" />
    <Project Path="src/YourCompany.Configuration/YourCompany.Configuration.csproj" />
    <Project Path="src/YourCompany.Configuration.EFCore/YourCompany.Configuration.EFCore.csproj" />
    <!-- <Project Path="src/YourCompany.Configuration.EFCore.Hosting/YourCompany.Configuration.EFCore.Hosting.csproj" /> -->
    <Project Path="src/YourCompany.Configuration.EFCore.PostgreSQL/YourCompany.Configuration.EFCore.PostgreSQL.csproj" />
    <Project Path="src/YourCompany.Configuration.EFCore.Sqlite/YourCompany.Configuration.EFCore.Sqlite.csproj" />
    <Project Path="src/YourCompany.OLTP.RecordsManagement/YourCompany.OLTP.RecordsManagement.csproj" />
    <Project Path="src/YourCompany.OLTP.RecordsManagement.DI/YourCompany.OLTP.RecordsManagement.DI.csproj" />
    <!-- <Project Path="src/YourCompany.OLTP.RecordsManagement.DI.EFCore/YourCompany.OLTP.RecordsManagement.DI.EFCore.csproj" /> -->
    <!-- <Project Path="src/YourCompany.OLTP.RecordsManagement.DI.TransactionalComposition/YourCompany.OLTP.RecordsManagement.DI.TransactionalComposition.csproj" /> -->
    <Project Path="src/YourCompany.OLTP.RecordsManagement.Persistence/YourCompany.OLTP.RecordsManagement.Persistence.csproj" />
    <Project Path="src/YourCompany.OLTP.RecordsManagement.Persistence.Linq/YourCompany.OLTP.RecordsManagement.Persistence.Linq.csproj" />
    <Project Path="src/YourCompany.OLTP.RecordsManagement.Persistence.Linq.EFCore/YourCompany.OLTP.RecordsManagement.Persistence.Linq.EFCore.csproj" />
    <Project Path="src/YourCompany.OLTP.RecordsManagement.UseCases/YourCompany.OLTP.RecordsManagement.UseCases.csproj" />
    <Project Path="src/YourCompany.OLTP.RecordsManagement.UseCases.Reflection/YourCompany.OLTP.RecordsManagement.UseCases.Reflection.csproj" />
    <Project Path="src/YourCompany.OLTP.RecordsManagement.UseCases.Reflection.DI/YourCompany.OLTP.RecordsManagement.UseCases.Reflection.DI.csproj" />
    <!-- <Project Path="src/YourCompany.OLTP.RecordsManagement.UseCases.TransactionalComposition/YourCompany.OLTP.RecordsManagement.UseCases.TransactionalComposition.csproj" /> -->
    <Project Path="src/YourCompany.OLTP.StateOwnership/YourCompany.OLTP.StateOwnership.csproj" />
    <!-- <Project Path="src/YourCompany.OLTP.StateOwnership.EventsProducing/YourCompany.OLTP.StateOwnership.EventsProducing.csproj" /> -->
    <Project Path="src/YourCompany.OLTP.StateOwnership.Reflection/YourCompany.OLTP.StateOwnership.Reflection.csproj" />
    <Project Path="src/YourCompany.OLTP.StateOwnership.Reflection.DI/YourCompany.OLTP.StateOwnership.Reflection.DI.csproj" />
    <Project Path="src/YourCompany.OLTP.StateOwnership.Reflection.EFCore/YourCompany.OLTP.StateOwnership.Reflection.EFCore.csproj" />
    <!-- <Project Path="src/YourCompany.OLTP.StateOwnership.TransactionalComposition/YourCompany.OLTP.StateOwnership.TransactionalComposition.csproj" /> -->
    <!-- <Project Path="src/YourCompany.OLTP.StateOwnership.TransactionalComposition.Reflection/YourCompany.OLTP.StateOwnership.TransactionalComposition.Reflection.csproj" /> -->
    <Project Path="src/YourCompany.Reflection/YourCompany.Reflection.csproj" />
    <Project Path="src/YourCompany.Reflection.DI/YourCompany.Reflection.DI.csproj" />
    <Project Path="src/YourCompany.Threading/YourCompany.Threading.csproj" />
  </Folder>
</Solution>
